
Microsoft Visual Studio Solution File, Format Version 12.00
# Visual Studio Version 17
VisualStudioVersion = 17.4.33122.133
MinimumVisualStudioVersion = 10.0.40219.1
Project("{FAE04EC0-301F-11D3-BF4B-00C04F79EFBC}") = "MagicVilla_API", "MagicVilla_API\MagicVilla_API.csproj", "{650B62A4-E8D8-41B2-9B05-916019D69897}"
EndProject
Global
	GlobalSection(SolutionConfigurationPlatforms) = preSolution
		Debug|Any CPU = Debug|Any CPU
		Release|Any CPU = Release|Any CPU
	EndGlobalSection
	GlobalSection(ProjectConfigurationPlatforms) = postSolution
		{650B62A4-E8D8-41B2-9B05-916019D69897}.Debug|Any CPU.ActiveCfg = Debug|Any CPU
		{650B62A4-E8D8-41B2-9B05-916019D69897}.Debug|Any CPU.Build.0 = Debug|Any CPU
		{650B62A4-E8D8-41B2-9B05-916019D69897}.Release|Any CPU.ActiveCfg = Release|Any CPU
		{650B62A4-E8D8-41B2-9B05-916019D69897}.Release|Any CPU.Build.0 = Release|Any CPU
	EndGlobalSection
	GlobalSection(SolutionProperties) = preSolution
		HideSolutionNode = FALSE
	EndGlobalSection
	GlobalSection(ExtensibilityGlobals) = postSolution
		SolutionGuid = {261A7608-9D08-41F5-A8D6-21AAC25F9BD4}
	EndGlobalSection
EndGlobal
